
Microsoft Visual Studio Solution File, Format Version 12.00
# Visual Studio Version 17
VisualStudioVersion = 17.8.34330.188
MinimumVisualStudioVersion = 10.0.40219.1
Project("{FAE04EC0-301F-11D3-BF4B-00C04F79EFBC}") = "CalcAspMVC", "CalcAspMVC\CalcAspMVC.csproj", "{0ADC2C74-8B9E-4606-A428-59037DFEF81F}"
EndProject
Global
	GlobalSection(SolutionConfigurationPlatforms) = preSolution
		Debug|Any CPU = Debug|Any CPU
		Release|Any CPU = Release|Any CPU
	EndGlobalSection
	GlobalSection(ProjectConfigurationPlatforms) = postSolution
		{0ADC2C74-8B9E-4606-A428-59037DFEF81F}.Debug|Any CPU.ActiveCfg = Debug|Any CPU
		{0ADC2C74-8B9E-4606-A428-59037DFEF81F}.Debug|Any CPU.Build.0 = Debug|Any CPU
		{0ADC2C74-8B9E-4606-A428-59037DFEF81F}.Release|Any CPU.ActiveCfg = Release|Any CPU
		{0ADC2C74-8B9E-4606-A428-59037DFEF81F}.Release|Any CPU.Build.0 = Release|Any CPU
	EndGlobalSection
	GlobalSection(SolutionProperties) = preSolution
		HideSolutionNode = FALSE
	EndGlobalSection
	GlobalSection(ExtensibilityGlobals) = postSolution
		SolutionGuid = {E7A5A1CE-A124-4374-8F52-34BAF0611AC3}
	EndGlobalSection
EndGlobal
